
Microsoft Visual Studio Solution File, Format Version 12.00
Project("{FAE04EC0-301F-11D3-BF4B-00C04F79EFBC}") = "MegaDTelegramRemoteControl", "MegaDTelegramRemoteControl\MegaDTelegramRemoteControl.csproj", "{1211943F-2468-4F52-AD45-623A54C38F46}"
EndProject
Global
	GlobalSection(SolutionConfigurationPlatforms) = preSolution
		Debug|Any CPU = Debug|Any CPU
		Release|Any CPU = Release|Any CPU
	EndGlobalSection
	GlobalSection(ProjectConfigurationPlatforms) = postSolution
		{1211943F-2468-4F52-AD45-623A54C38F46}.Debug|Any CPU.ActiveCfg = Debug|Any CPU
		{1211943F-2468-4F52-AD45-623A54C38F46}.Debug|Any CPU.Build.0 = Debug|Any CPU
		{1211943F-2468-4F52-AD45-623A54C38F46}.Release|Any CPU.ActiveCfg = Release|Any CPU
		{1211943F-2468-4F52-AD45-623A54C38F46}.Release|Any CPU.Build.0 = Release|Any CPU
	EndGlobalSection
EndGlobal
